
Microsoft Visual Studio Solution File, Format Version 12.00
# Visual Studio Version 17
VisualStudioVersion = 17.8.34525.116
MinimumVisualStudioVersion = 10.0.40219.1
Project("{FAE04EC0-301F-11D3-BF4B-00C04F79EFBC}") = "usingDelegate", "usingDelegate\usingDelegate.csproj", "{F43D8F29-BCA8-41B7-9D39-4380421ED43E}"
EndProject
Project("{FAE04EC0-301F-11D3-BF4B-00C04F79EFBC}") = "EventMechanism", "EventMechanism\EventMechanism.csproj", "{0E17CF78-2938-4232-8E32-77BD87405745}"
EndProject
Global
	GlobalSection(SolutionConfigurationPlatforms) = preSolution
		Debug|Any CPU = Debug|Any CPU
		Release|Any CPU = Release|Any CPU
	EndGlobalSection
	GlobalSection(ProjectConfigurationPlatforms) = postSolution
		{F43D8F29-BCA8-41B7-9D39-4380421ED43E}.Debug|Any CPU.ActiveCfg = Debug|Any CPU
		{F43D8F29-BCA8-41B7-9D39-4380421ED43E}.Debug|Any CPU.Build.0 = Debug|Any CPU
		{F43D8F29-BCA8-41B7-9D39-4380421ED43E}.Release|Any CPU.ActiveCfg = Release|Any CPU
		{F43D8F29-BCA8-41B7-9D39-4380421ED43E}.Release|Any CPU.Build.0 = Release|Any CPU
		{0E17CF78-2938-4232-8E32-77BD87405745}.Debug|Any CPU.ActiveCfg = Debug|Any CPU
		{0E17CF78-2938-4232-8E32-77BD87405745}.Debug|Any CPU.Build.0 = Debug|Any CPU
		{0E17CF78-2938-4232-8E32-77BD87405745}.Release|Any CPU.ActiveCfg = Release|Any CPU
		{0E17CF78-2938-4232-8E32-77BD87405745}.Release|Any CPU.Build.0 = Release|Any CPU
	EndGlobalSection
	GlobalSection(SolutionProperties) = preSolution
		HideSolutionNode = FALSE
	EndGlobalSection
	GlobalSection(ExtensibilityGlobals) = postSolution
		SolutionGuid = {F468984F-9BBF-457A-8967-D745F8A817FC}
	EndGlobalSection
EndGlobal
