
Microsoft Visual Studio Solution File, Format Version 12.00
# Visual Studio Version 17
VisualStudioVersion = 17.8.34525.116
MinimumVisualStudioVersion = 10.0.40219.1
Project("{FAE04EC0-301F-11D3-BF4B-00C04F79EFBC}") = "LinqIntro", "LinqIntro\LinqIntro.csproj", "{D68751AD-708A-43CF-862C-A0168A4FE0B3}"
EndProject
Project("{FAE04EC0-301F-11D3-BF4B-00C04F79EFBC}") = "ExtensionsMethods", "ExtensionsMethods\ExtensionsMethods.csproj", "{121ECEB9-D364-43D7-B328-669DFBFECE20}"
EndProject
Project("{FAE04EC0-301F-11D3-BF4B-00C04F79EFBC}") = "LinqSamples", "LinqSamples\LinqSamples.csproj", "{2EA525DA-9CAD-489A-B2E3-D6743894045C}"
EndProject
Global
	GlobalSection(SolutionConfigurationPlatforms) = preSolution
		Debug|Any CPU = Debug|Any CPU
		Release|Any CPU = Release|Any CPU
	EndGlobalSection
	GlobalSection(ProjectConfigurationPlatforms) = postSolution
		{D68751AD-708A-43CF-862C-A0168A4FE0B3}.Debug|Any CPU.ActiveCfg = Debug|Any CPU
		{D68751AD-708A-43CF-862C-A0168A4FE0B3}.Debug|Any CPU.Build.0 = Debug|Any CPU
		{D68751AD-708A-43CF-862C-A0168A4FE0B3}.Release|Any CPU.ActiveCfg = Release|Any CPU
		{D68751AD-708A-43CF-862C-A0168A4FE0B3}.Release|Any CPU.Build.0 = Release|Any CPU
		{121ECEB9-D364-43D7-B328-669DFBFECE20}.Debug|Any CPU.ActiveCfg = Debug|Any CPU
		{121ECEB9-D364-43D7-B328-669DFBFECE20}.Debug|Any CPU.Build.0 = Debug|Any CPU
		{121ECEB9-D364-43D7-B328-669DFBFECE20}.Release|Any CPU.ActiveCfg = Release|Any CPU
		{121ECEB9-D364-43D7-B328-669DFBFECE20}.Release|Any CPU.Build.0 = Release|Any CPU
		{2EA525DA-9CAD-489A-B2E3-D6743894045C}.Debug|Any CPU.ActiveCfg = Debug|Any CPU
		{2EA525DA-9CAD-489A-B2E3-D6743894045C}.Debug|Any CPU.Build.0 = Debug|Any CPU
		{2EA525DA-9CAD-489A-B2E3-D6743894045C}.Release|Any CPU.ActiveCfg = Release|Any CPU
		{2EA525DA-9CAD-489A-B2E3-D6743894045C}.Release|Any CPU.Build.0 = Release|Any CPU
	EndGlobalSection
	GlobalSection(SolutionProperties) = preSolution
		HideSolutionNode = FALSE
	EndGlobalSection
	GlobalSection(ExtensibilityGlobals) = postSolution
		SolutionGuid = {F71D7141-BA7D-4341-BAD2-ED5C8E8A6906}
	EndGlobalSection
EndGlobal
