
Microsoft Visual Studio Solution File, Format Version 12.00
# Visual Studio Version 17
VisualStudioVersion = 17.8.34525.116
MinimumVisualStudioVersion = 10.0.40219.1
Project("{FAE04EC0-301F-11D3-BF4B-00C04F79EFBC}") = "MultiThreading", "MultiThreading\MultiThreading.csproj", "{B90C80A3-6469-4E34-9F74-AD09CE5C19F7}"
EndProject
Project("{FAE04EC0-301F-11D3-BF4B-00C04F79EFBC}") = "MultiTasking", "MultiTasking\MultiTasking.csproj", "{B00C1D66-F844-4E00-9F84-D063C28ECED2}"
EndProject
Project("{FAE04EC0-301F-11D3-BF4B-00C04F79EFBC}") = "Paralelism", "Paralelism\Paralelism.csproj", "{5D8D22CD-49B4-4856-9477-DB9F544B8931}"
EndProject
Global
	GlobalSection(SolutionConfigurationPlatforms) = preSolution
		Debug|Any CPU = Debug|Any CPU
		Release|Any CPU = Release|Any CPU
	EndGlobalSection
	GlobalSection(ProjectConfigurationPlatforms) = postSolution
		{B90C80A3-6469-4E34-9F74-AD09CE5C19F7}.Debug|Any CPU.ActiveCfg = Debug|Any CPU
		{B90C80A3-6469-4E34-9F74-AD09CE5C19F7}.Debug|Any CPU.Build.0 = Debug|Any CPU
		{B90C80A3-6469-4E34-9F74-AD09CE5C19F7}.Release|Any CPU.ActiveCfg = Release|Any CPU
		{B90C80A3-6469-4E34-9F74-AD09CE5C19F7}.Release|Any CPU.Build.0 = Release|Any CPU
		{B00C1D66-F844-4E00-9F84-D063C28ECED2}.Debug|Any CPU.ActiveCfg = Debug|Any CPU
		{B00C1D66-F844-4E00-9F84-D063C28ECED2}.Debug|Any CPU.Build.0 = Debug|Any CPU
		{B00C1D66-F844-4E00-9F84-D063C28ECED2}.Release|Any CPU.ActiveCfg = Release|Any CPU
		{B00C1D66-F844-4E00-9F84-D063C28ECED2}.Release|Any CPU.Build.0 = Release|Any CPU
		{5D8D22CD-49B4-4856-9477-DB9F544B8931}.Debug|Any CPU.ActiveCfg = Debug|Any CPU
		{5D8D22CD-49B4-4856-9477-DB9F544B8931}.Debug|Any CPU.Build.0 = Debug|Any CPU
		{5D8D22CD-49B4-4856-9477-DB9F544B8931}.Release|Any CPU.ActiveCfg = Release|Any CPU
		{5D8D22CD-49B4-4856-9477-DB9F544B8931}.Release|Any CPU.Build.0 = Release|Any CPU
	EndGlobalSection
	GlobalSection(SolutionProperties) = preSolution
		HideSolutionNode = FALSE
	EndGlobalSection
	GlobalSection(ExtensibilityGlobals) = postSolution
		SolutionGuid = {05308427-223B-48C6-BBE0-A5B5FC177CA6}
	EndGlobalSection
EndGlobal
