
Microsoft Visual Studio Solution File, Format Version 12.00
# Visual Studio Version 17
VisualStudioVersion = 17.8.34525.116
MinimumVisualStudioVersion = 10.0.40219.1
Project("{FAE04EC0-301F-11D3-BF4B-00C04F79EFBC}") = "VariablesANDTypes", "VariablesANDTypes\VariablesANDTypes.csproj", "{D747A788-C618-41B4-9F6E-704EA2C2AB55}"
EndProject
Global
	GlobalSection(SolutionConfigurationPlatforms) = preSolution
		Debug|Any CPU = Debug|Any CPU
		Release|Any CPU = Release|Any CPU
	EndGlobalSection
	GlobalSection(ProjectConfigurationPlatforms) = postSolution
		{D747A788-C618-41B4-9F6E-704EA2C2AB55}.Debug|Any CPU.ActiveCfg = Debug|Any CPU
		{D747A788-C618-41B4-9F6E-704EA2C2AB55}.Debug|Any CPU.Build.0 = Debug|Any CPU
		{D747A788-C618-41B4-9F6E-704EA2C2AB55}.Release|Any CPU.ActiveCfg = Release|Any CPU
		{D747A788-C618-41B4-9F6E-704EA2C2AB55}.Release|Any CPU.Build.0 = Release|Any CPU
	EndGlobalSection
	GlobalSection(SolutionProperties) = preSolution
		HideSolutionNode = FALSE
	EndGlobalSection
	GlobalSection(ExtensibilityGlobals) = postSolution
		SolutionGuid = {138FA471-EFF6-43BA-BABF-7D45CB1CBB0A}
	EndGlobalSection
EndGlobal
