
Microsoft Visual Studio Solution File, Format Version 12.00
# Visual Studio Version 17
VisualStudioVersion = 17.8.34525.116
MinimumVisualStudioVersion = 10.0.40219.1
Project("{FAE04EC0-301F-11D3-BF4B-00C04F79EFBC}") = "dynamicKeyword", "dynamicKeyword\dynamicKeyword.csproj", "{8CAEB0BC-0C4D-4873-9902-15D2830A787D}"
EndProject
Project("{FAE04EC0-301F-11D3-BF4B-00C04F79EFBC}") = "usingDynamic", "usingDynamic\usingDynamic.csproj", "{EC023BB2-8E1D-49D9-9BC6-EC24CA26B2C9}"
EndProject
Global
	GlobalSection(SolutionConfigurationPlatforms) = preSolution
		Debug|Any CPU = Debug|Any CPU
		Release|Any CPU = Release|Any CPU
	EndGlobalSection
	GlobalSection(ProjectConfigurationPlatforms) = postSolution
		{8CAEB0BC-0C4D-4873-9902-15D2830A787D}.Debug|Any CPU.ActiveCfg = Debug|Any CPU
		{8CAEB0BC-0C4D-4873-9902-15D2830A787D}.Debug|Any CPU.Build.0 = Debug|Any CPU
		{8CAEB0BC-0C4D-4873-9902-15D2830A787D}.Release|Any CPU.ActiveCfg = Release|Any CPU
		{8CAEB0BC-0C4D-4873-9902-15D2830A787D}.Release|Any CPU.Build.0 = Release|Any CPU
		{EC023BB2-8E1D-49D9-9BC6-EC24CA26B2C9}.Debug|Any CPU.ActiveCfg = Debug|Any CPU
		{EC023BB2-8E1D-49D9-9BC6-EC24CA26B2C9}.Debug|Any CPU.Build.0 = Debug|Any CPU
		{EC023BB2-8E1D-49D9-9BC6-EC24CA26B2C9}.Release|Any CPU.ActiveCfg = Release|Any CPU
		{EC023BB2-8E1D-49D9-9BC6-EC24CA26B2C9}.Release|Any CPU.Build.0 = Release|Any CPU
	EndGlobalSection
	GlobalSection(SolutionProperties) = preSolution
		HideSolutionNode = FALSE
	EndGlobalSection
	GlobalSection(ExtensibilityGlobals) = postSolution
		SolutionGuid = {7501BA18-F182-4DF6-8AA1-1E1DB3812D27}
	EndGlobalSection
EndGlobal
