
Microsoft Visual Studio Solution File, Format Version 12.00
# Visual Studio Version 17
VisualStudioVersion = 17.8.34525.116
MinimumVisualStudioVersion = 10.0.40219.1
Project("{FAE04EC0-301F-11D3-BF4B-00C04F79EFBC}") = "ObjectVSClass", "ObjectVSClass\ObjectVSClass.csproj", "{51A38D20-34BB-40C1-A076-BC06ACA451E4}"
EndProject
Project("{FAE04EC0-301F-11D3-BF4B-00C04F79EFBC}") = "Encapsulation", "Encapsulation\Encapsulation.csproj", "{B4AC30FD-8189-48F1-ACE8-DE2AF2FEF881}"
EndProject
Global
	GlobalSection(SolutionConfigurationPlatforms) = preSolution
		Debug|Any CPU = Debug|Any CPU
		Release|Any CPU = Release|Any CPU
	EndGlobalSection
	GlobalSection(ProjectConfigurationPlatforms) = postSolution
		{51A38D20-34BB-40C1-A076-BC06ACA451E4}.Debug|Any CPU.ActiveCfg = Debug|Any CPU
		{51A38D20-34BB-40C1-A076-BC06ACA451E4}.Debug|Any CPU.Build.0 = Debug|Any CPU
		{51A38D20-34BB-40C1-A076-BC06ACA451E4}.Release|Any CPU.ActiveCfg = Release|Any CPU
		{51A38D20-34BB-40C1-A076-BC06ACA451E4}.Release|Any CPU.Build.0 = Release|Any CPU
		{B4AC30FD-8189-48F1-ACE8-DE2AF2FEF881}.Debug|Any CPU.ActiveCfg = Debug|Any CPU
		{B4AC30FD-8189-48F1-ACE8-DE2AF2FEF881}.Debug|Any CPU.Build.0 = Debug|Any CPU
		{B4AC30FD-8189-48F1-ACE8-DE2AF2FEF881}.Release|Any CPU.ActiveCfg = Release|Any CPU
		{B4AC30FD-8189-48F1-ACE8-DE2AF2FEF881}.Release|Any CPU.Build.0 = Release|Any CPU
	EndGlobalSection
	GlobalSection(SolutionProperties) = preSolution
		HideSolutionNode = FALSE
	EndGlobalSection
	GlobalSection(ExtensibilityGlobals) = postSolution
		SolutionGuid = {356E932D-9D20-4341-A17B-6234D857588F}
	EndGlobalSection
EndGlobal
